// !$*UTF8*$!
{
	archiveVersion = 1;
	classes = {
	};
	objectVersion = 48;
	objects = {

/* Begin PBXBuildFile section */
		1B0A771D1FFD38B000C2D0C7 /* playingSoundViewController.swift in Sources */ = {isa = PBXBuildFile; fileRef = 1B0A771C1FFD38B000C2D0C7 /* playingSoundViewController.swift */; };
		1BB4FED01FFFD87B0027B12B /* PlaySoundsViewController+Audio.swift in Sources */ = {isa = PBXBuildFile; fileRef = 1BB4FECF1FFFD87B0027B12B /* PlaySoundsViewController+Audio.swift */; };
		1BDDA3931FF7F0A60040CE57 /* AppDelegate.swift in Sources */ = {isa = PBXBuildFile; fileRef = 1BDDA3921FF7F0A60040CE57 /* AppDelegate.swift */; };
		1BDDA3951FF7F0A60040CE57 /* RecordSoundsViewController.swift in Sources */ = {isa = PBXBuildFile; fileRef = 1BDDA3941FF7F0A60040CE57 /* RecordSoundsViewController.swift */; };
		1BDDA3981FF7F0A60040CE57 /* Main.storyboard in Resources */ = {isa = PBXBuildFile; fileRef = 1BDDA3961FF7F0A60040CE57 /* Main.storyboard */; };
		1BDDA39A1FF7F0A60040CE57 /* Assets.xcassets in Resources */ = {isa = PBXBuildFile; fileRef = 1BDDA3991FF7F0A60040CE57 /* Assets.xcassets */; };
		1BDDA39D1FF7F0A60040CE57 /* LaunchScreen.storyboard in Resources */ = {isa = PBXBuildFile; fileRef = 1BDDA39B1FF7F0A60040CE57 /* LaunchScreen.storyboard */; };
/* End PBXBuildFile section */

/* Begin PBXFileReference section */
		1B0A771C1FFD38B000C2D0C7 /* playingSoundViewController.swift */ = {isa = PBXFileReference; lastKnownFileType = sourcecode.swift; path = playingSoundViewController.swift; sourceTree = "<group>"; };
		1BB4FECF1FFFD87B0027B12B /* PlaySoundsViewController+Audio.swift */ = {isa = PBXFileReference; lastKnownFileType = sourcecode.swift; path = "PlaySoundsViewController+Audio.swift"; sourceTree = "<group>"; };
		1BDDA38F1FF7F0A60040CE57 /* recording.app */ = {isa = PBXFileReference; explicitFileType = wrapper.application; includeInIndex = 0; path = recording.app; sourceTree = BUILT_PRODUCTS_DIR; };
		1BDDA3921FF7F0A60040CE57 /* AppDelegate.swift */ = {isa = PBXFileReference; lastKnownFileType = sourcecode.swift; path = AppDelegate.swift; sourceTree = "<group>"; };
		1BDDA3941FF7F0A60040CE57 /* RecordSoundsViewController.swift */ = {isa = PBXFileReference; lastKnownFileType = sourcecode.swift; path = RecordSoundsViewController.swift; sourceTree = "<group>"; };
		1BDDA3971FF7F0A60040CE57 /* Base */ = {isa = PBXFileReference; lastKnownFileType = file.storyboard; name = Base; path = Base.lproj/Main.storyboard; sourceTree = "<group>"; };
		1BDDA3991FF7F0A60040CE57 /* Assets.xcassets */ = {isa = PBXFileReference; lastKnownFileType = folder.assetcatalog; path = Assets.xcassets; sourceTree = "<group>"; };
		1BDDA39C1FF7F0A60040CE57 /* Base */ = {isa = PBXFileReference; lastKnownFileType = file.storyboard; name = Base; path = Base.lproj/LaunchScreen.storyboard; sourceTree = "<group>"; };
		1BDDA39E1FF7F0A60040CE57 /* Info.plist */ = {isa = PBXFileReference; lastKnownFileType = text.plist.xml; path = Info.plist; sourceTree = "<group>"; };
/* End PBXFileReference section */

/* Begin PBXFrameworksBuildPhase section */
		1BDDA38C1FF7F0A60040CE57 /* Frameworks */ = {
			isa = PBXFrameworksBuildPhase;
			buildActionMask = 2147483647;
			files = (
			);
			runOnlyForDeploymentPostprocessing = 0;
		};
/* End PBXFrameworksBuildPhase section */

/* Begin PBXGroup section */
		1BDDA3861FF7F0A60040CE57 = {
			isa = PBXGroup;
			children = (
				1BDDA3911FF7F0A60040CE57 /* recording */,
				1BDDA3901FF7F0A60040CE57 /* Products */,
			);
			sourceTree = "<group>";
		};
		1BDDA3901FF7F0A60040CE57 /* Products */ = {
			isa = PBXGroup;
			children = (
				1BDDA38F1FF7F0A60040CE57 /* recording.app */,
			);
			name = Products;
			sourceTree = "<group>";
		};
		1BDDA3911FF7F0A60040CE57 /* recording */ = {
			isa = PBXGroup;
			children = (
				1B0A771C1FFD38B000C2D0C7 /* playingSoundViewController.swift */,
				1BB4FECF1FFFD87B0027B12B /* PlaySoundsViewController+Audio.swift */,
				1BDDA3921FF7F0A60040CE57 /* AppDelegate.swift */,
				1BDDA3941FF7F0A60040CE57 /* RecordSoundsViewController.swift */,
				1BDDA3961FF7F0A60040CE57 /* Main.storyboard */,
				1BDDA3991FF7F0A60040CE57 /* Assets.xcassets */,
				1BDDA39B1FF7F0A60040CE57 /* LaunchScreen.storyboard */,
				1BDDA39E1FF7F0A60040CE57 /* Info.plist */,
			);
			path = recording;
			sourceTree = "<group>";
		};
/* End PBXGroup section */

/* Begin PBXNativeTarget section */
		1BDDA38E1FF7F0A60040CE57 /* recording */ = {
			isa = PBXNativeTarget;
			buildConfigurationList = 1BDDA3A11FF7F0A60040CE57 /* Build configuration list for PBXNativeTarget "recording" */;
			buildPhases = (
				1BDDA38B1FF7F0A60040CE57 /* Sources */,
				1BDDA38C1FF7F0A60040CE57 /* Frameworks */,
				1BDDA38D1FF7F0A60040CE57 /* Resources */,
			);
			buildRules = (
			);
			dependencies = (
			);
			name = recording;
			productName = recording;
			productReference = 1BDDA38F1FF7F0A60040CE57 /* recording.app */;
			productType = "com.apple.product-type.application";
		};
/* End PBXNativeTarget section */

/* Begin PBXProject section */
		1BDDA3871FF7F0A60040CE57 /* Project object */ = {
			isa = PBXProject;
			attributes = {
				LastSwiftUpdateCheck = 0920;
				LastUpgradeCheck = 0920;
				ORGANIZATIONNAME = Siddique;
				TargetAttributes = {
					1BDDA38E1FF7F0A60040CE57 = {
						CreatedOnToolsVersion = 9.2;
						ProvisioningStyle = Automatic;
					};
				};
			};
			buildConfigurationList = 1BDDA38A1FF7F0A60040CE57 /* Build configuration list for PBXProject "recording" */;
			compatibilityVersion = "Xcode 8.0";
			developmentRegion = en;
			hasScannedForEncodings = 0;
			knownRegions = (
				en,
				Base,
			);
			mainGroup = 1BDDA3861FF7F0A60040CE57;
			productRefGroup = 1BDDA3901FF7F0A60040CE57 /* Products */;
			projectDirPath = "";
			projectRoot = "";
			targets = (
				1BDDA38E1FF7F0A60040CE57 /* recording */,
			);
		};
/* End PBXProject section */

/* Begin PBXResourcesBuildPhase section */
		1BDDA38D1FF7F0A60040CE57 /* Resources */ = {
			isa = PBXResourcesBuildPhase;
			buildActionMask = 2147483647;
			files = (
				1BDDA39D1FF7F0A60040CE57 /* LaunchScreen.storyboard in Resources */,
				1BDDA39A1FF7F0A60040CE57 /* Assets.xcassets in Resources */,
				1BDDA3981FF7F0A60040CE57 /* Main.storyboard in Resources */,
			);
			runOnlyForDeploymentPostprocessing = 0;
		};
/* End PBXResourcesBuildPhase section */

/* Begin PBXSourcesBuildPhase section */
		1BDDA38B1FF7F0A60040CE57 /* Sources */ = {
			isa = PBXSourcesBuildPhase;
			buildActionMask = 2147483647;
			files = (
				1BDDA3951FF7F0A60040CE57 /* RecordSoundsViewController.swift in Sources */,
				1BB4FED01FFFD87B0027B12B /* PlaySoundsViewController+Audio.swift in Sources */,
				1BDDA3931FF7F0A60040CE57 /* AppDelegate.swift in Sources */,
				1B0A771D1FFD38B000C2D0C7 /* playingSoundViewController.swift in Sources */,
			);
			runOnlyForDeploymentPostprocessing = 0;
		};
/* End PBXSourcesBuildPhase section */

/* Begin PBXVariantGroup section */
		1BDDA3961FF7F0A60040CE57 /* Main.storyboard */ = {
			isa = PBXVariantGroup;
			children = (
				1BDDA3971FF7F0A60040CE57 /* Base */,
			);
			name = Main.storyboard;
			sourceTree = "<group>";
		};
		1BDDA39B1FF7F0A60040CE57 /* LaunchScreen.storyboard */ = {
			isa = PBXVariantGroup;
			children = (
				1BDDA39C1FF7F0A60040CE57 /* Base */,
			);
			name = LaunchScreen.storyboard;
			sourceTree = "<group>";
		};
/* End PBXVariantGroup section */

/* Begin XCBuildConfiguration section */
		1BDDA39F1FF7F0A60040CE57 /* Debug */ = {
			isa = XCBuildConfiguration;
			buildSettings = {
				ALWAYS_SEARCH_USER_PATHS = NO;
				CLANG_ANALYZER_NONNULL = YES;
				CLANG_ANALYZER_NUMBER_OBJECT_CONVERSION = YES_AGGRESSIVE;
				CLANG_CXX_LANGUAGE_STANDARD = "gnu++14";
				CLANG_CXX_LIBRARY = "libc++";
				CLANG_ENABLE_MODULES = YES;
				CLANG_ENABLE_OBJC_ARC = YES;
				CLANG_WARN_BLOCK_CAPTURE_AUTORELEASING = YES;
				CLANG_WARN_BOOL_CONVERSION = YES;
				CLANG_WARN_COMMA = YES;
				CLANG_WARN_CONSTANT_CONVERSION = YES;
				CLANG_WARN_DIRECT_OBJC_ISA_USAGE = YES_ERROR;
				CLANG_WARN_DOCUMENTATION_COMMENTS = YES;
				CLANG_WARN_EMPTY_BODY = YES;
				CLANG_WARN_ENUM_CONVERSION = YES;
				CLANG_WARN_INFINITE_RECURSION = YES;
				CLANG_WARN_INT_CONVERSION = YES;
				CLANG_WARN_NON_LITERAL_NULL_CONVERSION = YES;
				CLANG_WARN_OBJC_LITERAL_CONVERSION = YES;
				CLANG_WARN_OBJC_ROOT_CLASS = YES_ERROR;
				CLANG_WARN_RANGE_LOOP_ANALYSIS = YES;
				CLANG_WARN_STRICT_PROTOTYPES = YES;
				CLANG_WARN_SUSPICIOUS_MOVE = YES;
				CLANG_WARN_UNGUARDED_AVAILABILITY = YES_AGGRESSIVE;
				CLANG_WARN_UNREACHABLE_CODE = YES;
				CLANG_WARN__DUPLICATE_METHOD_MATCH = YES;
				CODE_SIGN_IDENTITY = "iPhone Developer";
				COPY_PHASE_STRIP = NO;
				DEBUG_INFORMATION_FORMAT = dwarf;
				ENABLE_STRICT_OBJC_MSGSEND = YES;
				ENABLE_TESTABILITY = YES;
				GCC_C_LANGUAGE_STANDARD = gnu11;
				GCC_DYNAMIC_NO_PIC = NO;
				GCC_NO_COMMON_BLOCKS = YES;
				GCC_OPTIMIZATION_LEVEL = 0;
				GCC_PREPROCESSOR_DEFINITIONS = (
					"DEBUG=1",
					"$(inherited)",
				);
				GCC_WARN_64_TO_32_BIT_CONVERSION = YES;
				GCC_WARN_ABOUT_RETURN_TYPE = YES_ERROR;
				GCC_WARN_UNDECLARED_SELECTOR = YES;
				GCC_WARN_UNINITIALIZED_AUTOS = YES_AGGRESSIVE;
				GCC_WARN_UNUSED_FUNCTION = YES;
				GCC_WARN_UNUSED_VARIABLE = YES;
				IPHONEOS_DEPLOYMENT_TARGET = 11.2;
				MTL_ENABLE_DEBUG_INFO = YES;
				ONLY_ACTIVE_ARCH = YES;
				SDKROOT = iphoneos;
				SWIFT_ACTIVE_COMPILATION_CONDITIONS = DEBUG;
				SWIFT_OPTIMIZATION_LEVEL = "-Onone";
			};
			name = Debug;
		};
		1BDDA3A01FF7F0A60040CE57 /* Release */ = {
			isa = XCBuildConfiguration;
			buildSettings = {
				ALWAYS_SEARCH_USER_PATHS = NO;
				CLANG_ANALYZER_NONNULL = YES;
				CLANG_ANALYZER_NUMBER_OBJECT_CONVERSION = YES_AGGRESSIVE;
				CLANG_CXX_LANGUAGE_STANDARD = "gnu++14";
				CLANG_CXX_LIBRARY = "libc++";
				CLANG_ENABLE_MODULES = YES;
				CLANG_ENABLE_OBJC_ARC = YES;
				CLANG_WARN_BLOCK_CAPTURE_AUTORELEASING = YES;
				CLANG_WARN_BOOL_CONVERSION = YES;
				CLANG_WARN_COMMA = YES;
				CLANG_WARN_CONSTANT_CONVERSION = YES;
				CLANG_WARN_DIRECT_OBJC_ISA_USAGE = YES_ERROR;
				CLANG_WARN_DOCUMENTATION_COMMENTS = YES;
				CLANG_WARN_EMPTY_BODY = YES;
				CLANG_WARN_ENUM_CONVERSION = YES;
				CLANG_WARN_INFINITE_RECURSION = YES;
				CLANG_WARN_INT_CONVERSION = YES;
				CLANG_WARN_NON_LITERAL_NULL_CONVERSION = YES;
				CLANG_WARN_OBJC_LITERAL_CONVERSION = YES;
				CLANG_WARN_OBJC_ROOT_CLASS = YES_ERROR;
				CLANG_WARN_RANGE_LOOP_ANALYSIS = YES;
				CLANG_WARN_STRICT_PROTOTYPES = YES;
				CLANG_WARN_SUSPICIOUS_MOVE = YES;
				CLANG_WARN_UNGUARDED_AVAILABILITY = YES_AGGRESSIVE;
				CLANG_WARN_UNREACHABLE_CODE = YES;
				CLANG_WARN__DUPLICATE_METHOD_MATCH = YES;
				CODE_SIGN_IDENTITY = "iPhone Developer";
				COPY_PHASE_STRIP = NO;
				DEBUG_INFORMATION_FORMAT = "dwarf-with-dsym";
				ENABLE_NS_ASSERTIONS = NO;
				ENABLE_STRICT_OBJC_MSGSEND = YES;
				GCC_C_LANGUAGE_STANDARD = gnu11;
				GCC_NO_COMMON_BLOCKS = YES;
				GCC_WARN_64_TO_32_BIT_CONVERSION = YES;
				GCC_WARN_ABOUT_RETURN_TYPE = YES_ERROR;
				GCC_WARN_UNDECLARED_SELECTOR = YES;
				GCC_WARN_UNINITIALIZED_AUTOS = YES_AGGRESSIVE;
				GCC_WARN_UNUSED_FUNCTION = YES;
				GCC_WARN_UNUSED_VARIABLE = YES;
				IPHONEOS_DEPLOYMENT_TARGET = 11.2;
				MTL_ENABLE_DEBUG_INFO = NO;
				SDKROOT = iphoneos;
				SWIFT_OPTIMIZATION_LEVEL = "-Owholemodule";
				VALIDATE_PRODUCT = YES;
			};
			name = Release;
		};
		1BDDA3A21FF7F0A60040CE57 /* Debug */ = {
			isa = XCBuildConfiguration;
			buildSettings = {
				ASSETCATALOG_COMPILER_APPICON_NAME = AppIcon;
				CODE_SIGN_STYLE = Automatic;
				DEVELOPMENT_TEAM = AREZX5EZP6;
				INFOPLIST_FILE = recording/Info.plist;
				LD_RUNPATH_SEARCH_PATHS = "$(inherited) @executable_path/Frameworks";
				PRODUCT_BUNDLE_IDENTIFIER = com.siddique.recording;
				PRODUCT_NAME = "$(TARGET_NAME)";
				SWIFT_VERSION = 4.0;
				TARGETED_DEVICE_FAMILY = "1,2";
			};
			name = Debug;
		};
		1BDDA3A31FF7F0A60040CE57 /* Release */ = {
			isa = XCBuildConfiguration;
			buildSettings = {
				ASSETCATALOG_COMPILER_APPICON_NAME = AppIcon;
				CODE_SIGN_STYLE = Automatic;
				DEVELOPMENT_TEAM = AREZX5EZP6;
				INFOPLIST_FILE = recording/Info.plist;
				LD_RUNPATH_SEARCH_PATHS = "$(inherited) @executable_path/Frameworks";
				PRODUCT_BUNDLE_IDENTIFIER = com.siddique.recording;
				PRODUCT_NAME = "$(TARGET_NAME)";
				SWIFT_VERSION = 4.0;
				TARGETED_DEVICE_FAMILY = "1,2";
			};
			name = Release;
		};
/* End XCBuildConfiguration section */

/* Begin XCConfigurationList section */
		1BDDA38A1FF7F0A60040CE57 /* Build configuration list for PBXProject "recording" */ = {
			isa = XCConfigurationList;
			buildConfigurations = (
				1BDDA39F1FF7F0A60040CE57 /* Debug */,
				1BDDA3A01FF7F0A60040CE57 /* Release */,
			);
			defaultConfigurationIsVisible = 0;
			defaultConfigurationName = Release;
		};
		1BDDA3A11FF7F0A60040CE57 /* Build configuration list for PBXNativeTarget "recording" */ = {
			isa = XCConfigurationList;
			buildConfigurations = (
				1BDDA3A21FF7F0A60040CE57 /* Debug */,
				1BDDA3A31FF7F0A60040CE57 /* Release */,
			);
			defaultConfigurationIsVisible = 0;
			defaultConfigurationName = Release;
		};
/* End XCConfigurationList section */
	};
	rootObject = 1BDDA3871FF7F0A60040CE57 /* Project object */;
}
